
Microsoft Visual Studio Solution File, Format Version 12.00
# Visual Studio Version 17
VisualStudioVersion = 17.5.33424.131
MinimumVisualStudioVersion = 10.0.40219.1
Project("{9A19103F-16F7-4668-BE54-9A1E7A4F7556}") = "Hotel.WebAPI", "Hotel.WebAPI.csproj", "{DD97E9DD-0C4D-4E8C-92E3-307D79F5F303}"
EndProject
Project("{9A19103F-16F7-4668-BE54-9A1E7A4F7556}") = "Hotel.BL", "..\Hotel.BL\Hotel.BL.csproj", "{649707A9-7BE5-4AB3-97AA-6BAAB7559186}"
EndProject
Project("{9A19103F-16F7-4668-BE54-9A1E7A4F7556}") = "Hotel.DataAccess", "..\Hotel.DataAccess\Hotel.DataAccess.csproj", "{D03F1046-0562-469F-949A-8900DF5597B2}"
EndProject
Global
	GlobalSection(SolutionConfigurationPlatforms) = preSolution
		Debug|Any CPU = Debug|Any CPU
		Release|Any CPU = Release|Any CPU
	EndGlobalSection
	GlobalSection(ProjectConfigurationPlatforms) = postSolution
		{DD97E9DD-0C4D-4E8C-92E3-307D79F5F303}.Debug|Any CPU.ActiveCfg = Debug|Any CPU
		{DD97E9DD-0C4D-4E8C-92E3-307D79F5F303}.Debug|Any CPU.Build.0 = Debug|Any CPU
		{DD97E9DD-0C4D-4E8C-92E3-307D79F5F303}.Release|Any CPU.ActiveCfg = Release|Any CPU
		{DD97E9DD-0C4D-4E8C-92E3-307D79F5F303}.Release|Any CPU.Build.0 = Release|Any CPU
		{649707A9-7BE5-4AB3-97AA-6BAAB7559186}.Debug|Any CPU.ActiveCfg = Debug|Any CPU
		{649707A9-7BE5-4AB3-97AA-6BAAB7559186}.Debug|Any CPU.Build.0 = Debug|Any CPU
		{649707A9-7BE5-4AB3-97AA-6BAAB7559186}.Release|Any CPU.ActiveCfg = Release|Any CPU
		{649707A9-7BE5-4AB3-97AA-6BAAB7559186}.Release|Any CPU.Build.0 = Release|Any CPU
		{D03F1046-0562-469F-949A-8900DF5597B2}.Debug|Any CPU.ActiveCfg = Debug|Any CPU
		{D03F1046-0562-469F-949A-8900DF5597B2}.Debug|Any CPU.Build.0 = Debug|Any CPU
		{D03F1046-0562-469F-949A-8900DF5597B2}.Release|Any CPU.ActiveCfg = Release|Any CPU
		{D03F1046-0562-469F-949A-8900DF5597B2}.Release|Any CPU.Build.0 = Release|Any CPU
	EndGlobalSection
	GlobalSection(SolutionProperties) = preSolution
		HideSolutionNode = FALSE
	EndGlobalSection
	GlobalSection(ExtensibilityGlobals) = postSolution
		SolutionGuid = {6642CEB1-28DD-49F3-9D23-9D51626A7C03}
	EndGlobalSection
EndGlobal
